// !$*UTF8*$!
{
	archiveVersion = 1;
	classes = {
	};
	objectVersion = 55;
	objects = {

/* Begin PBXBuildFile section */
		2055CA6B27BD410300F15362 /* LocationDetailView.swift in Sources */ = {isa = PBXBuildFile; fileRef = 2055CA6A27BD410300F15362 /* LocationDetailView.swift */; };
		2055CA6E27BD4E6F00F15362 /* Utility.swift in Sources */ = {isa = PBXBuildFile; fileRef = 2055CA6D27BD4E6F00F15362 /* Utility.swift */; };
		208FB94827BBE18300A2571A /* DubDubGrubApp.swift in Sources */ = {isa = PBXBuildFile; fileRef = 208FB94727BBE18300A2571A /* DubDubGrubApp.swift */; };
		208FB94C27BBE18400A2571A /* Assets.xcassets in Resources */ = {isa = PBXBuildFile; fileRef = 208FB94B27BBE18400A2571A /* Assets.xcassets */; };
		208FB94F27BBE18400A2571A /* Preview Assets.xcassets in Resources */ = {isa = PBXBuildFile; fileRef = 208FB94E27BBE18400A2571A /* Preview Assets.xcassets */; };
		208FB95927BBE18400A2571A /* DubDubGrubTests.swift in Sources */ = {isa = PBXBuildFile; fileRef = 208FB95827BBE18400A2571A /* DubDubGrubTests.swift */; };
		208FB96327BBE18400A2571A /* DubDubGrubUITests.swift in Sources */ = {isa = PBXBuildFile; fileRef = 208FB96227BBE18400A2571A /* DubDubGrubUITests.swift */; };
		208FB96527BBE18400A2571A /* DubDubGrubUITestsLaunchTests.swift in Sources */ = {isa = PBXBuildFile; fileRef = 208FB96427BBE18400A2571A /* DubDubGrubUITestsLaunchTests.swift */; };
		208FB97427BBE1A400A2571A /* CloudKit.framework in Frameworks */ = {isa = PBXBuildFile; fileRef = 208FB97327BBE1A400A2571A /* CloudKit.framework */; };
		208FB97727BBE29000A2571A /* Color+Ext.swift in Sources */ = {isa = PBXBuildFile; fileRef = 208FB97627BBE29000A2571A /* Color+Ext.swift */; };
		208FB97927BBE2CD00A2571A /* AppTabView.swift in Sources */ = {isa = PBXBuildFile; fileRef = 208FB97827BBE2CD00A2571A /* AppTabView.swift */; };
		208FB97B27BBE40900A2571A /* LocationMapView.swift in Sources */ = {isa = PBXBuildFile; fileRef = 208FB97A27BBE40900A2571A /* LocationMapView.swift */; };
		208FB97D27BBE42B00A2571A /* LocationListView.swift in Sources */ = {isa = PBXBuildFile; fileRef = 208FB97C27BBE42B00A2571A /* LocationListView.swift */; };
		208FB97F27BBE44A00A2571A /* ProfileView.swift in Sources */ = {isa = PBXBuildFile; fileRef = 208FB97E27BBE44A00A2571A /* ProfileView.swift */; };
/* End PBXBuildFile section */

/* Begin PBXContainerItemProxy section */
		208FB95527BBE18400A2571A /* PBXContainerItemProxy */ = {
			isa = PBXContainerItemProxy;
			containerPortal = 208FB93C27BBE18300A2571A /* Project object */;
			proxyType = 1;
			remoteGlobalIDString = 208FB94327BBE18300A2571A;
			remoteInfo = DubDubGrub;
		};
		208FB95F27BBE18400A2571A /* PBXContainerItemProxy */ = {
			isa = PBXContainerItemProxy;
			containerPortal = 208FB93C27BBE18300A2571A /* Project object */;
			proxyType = 1;
			remoteGlobalIDString = 208FB94327BBE18300A2571A;
			remoteInfo = DubDubGrub;
		};
/* End PBXContainerItemProxy section */

/* Begin PBXFileReference section */
		2055CA6A27BD410300F15362 /* LocationDetailView.swift */ = {isa = PBXFileReference; lastKnownFileType = sourcecode.swift; path = LocationDetailView.swift; sourceTree = "<group>"; };
		2055CA6D27BD4E6F00F15362 /* Utility.swift */ = {isa = PBXFileReference; lastKnownFileType = sourcecode.swift; path = Utility.swift; sourceTree = "<group>"; };
		208FB94427BBE18300A2571A /* DubDubGrub.app */ = {isa = PBXFileReference; explicitFileType = wrapper.application; includeInIndex = 0; path = DubDubGrub.app; sourceTree = BUILT_PRODUCTS_DIR; };
		208FB94727BBE18300A2571A /* DubDubGrubApp.swift */ = {isa = PBXFileReference; lastKnownFileType = sourcecode.swift; path = DubDubGrubApp.swift; sourceTree = "<group>"; };
		208FB94B27BBE18400A2571A /* Assets.xcassets */ = {isa = PBXFileReference; lastKnownFileType = folder.assetcatalog; path = Assets.xcassets; sourceTree = "<group>"; };
		208FB94E27BBE18400A2571A /* Preview Assets.xcassets */ = {isa = PBXFileReference; lastKnownFileType = folder.assetcatalog; path = "Preview Assets.xcassets"; sourceTree = "<group>"; };
		208FB95427BBE18400A2571A /* DubDubGrubTests.xctest */ = {isa = PBXFileReference; explicitFileType = wrapper.cfbundle; includeInIndex = 0; path = DubDubGrubTests.xctest; sourceTree = BUILT_PRODUCTS_DIR; };
		208FB95827BBE18400A2571A /* DubDubGrubTests.swift */ = {isa = PBXFileReference; lastKnownFileType = sourcecode.swift; path = DubDubGrubTests.swift; sourceTree = "<group>"; };
		208FB95E27BBE18400A2571A /* DubDubGrubUITests.xctest */ = {isa = PBXFileReference; explicitFileType = wrapper.cfbundle; includeInIndex = 0; path = DubDubGrubUITests.xctest; sourceTree = BUILT_PRODUCTS_DIR; };
		208FB96227BBE18400A2571A /* DubDubGrubUITests.swift */ = {isa = PBXFileReference; lastKnownFileType = sourcecode.swift; path = DubDubGrubUITests.swift; sourceTree = "<group>"; };
		208FB96427BBE18400A2571A /* DubDubGrubUITestsLaunchTests.swift */ = {isa = PBXFileReference; lastKnownFileType = sourcecode.swift; path = DubDubGrubUITestsLaunchTests.swift; sourceTree = "<group>"; };
		208FB97127BBE19F00A2571A /* DubDubGrub.entitlements */ = {isa = PBXFileReference; lastKnownFileType = text.plist.entitlements; path = DubDubGrub.entitlements; sourceTree = "<group>"; };
		208FB97327BBE1A400A2571A /* CloudKit.framework */ = {isa = PBXFileReference; lastKnownFileType = wrapper.framework; name = CloudKit.framework; path = System/Library/Frameworks/CloudKit.framework; sourceTree = SDKROOT; };
		208FB97627BBE29000A2571A /* Color+Ext.swift */ = {isa = PBXFileReference; lastKnownFileType = sourcecode.swift; path = "Color+Ext.swift"; sourceTree = "<group>"; };
		208FB97827BBE2CD00A2571A /* AppTabView.swift */ = {isa = PBXFileReference; lastKnownFileType = sourcecode.swift; path = AppTabView.swift; sourceTree = "<group>"; };
		208FB97A27BBE40900A2571A /* LocationMapView.swift */ = {isa = PBXFileReference; lastKnownFileType = sourcecode.swift; path = LocationMapView.swift; sourceTree = "<group>"; };
		208FB97C27BBE42B00A2571A /* LocationListView.swift */ = {isa = PBXFileReference; lastKnownFileType = sourcecode.swift; path = LocationListView.swift; sourceTree = "<group>"; };
		208FB97E27BBE44A00A2571A /* ProfileView.swift */ = {isa = PBXFileReference; lastKnownFileType = sourcecode.swift; path = ProfileView.swift; sourceTree = "<group>"; };
/* End PBXFileReference section */

/* Begin PBXFrameworksBuildPhase section */
		208FB94127BBE18300A2571A /* Frameworks */ = {
			isa = PBXFrameworksBuildPhase;
			buildActionMask = 2147483647;
			files = (
				208FB97427BBE1A400A2571A /* CloudKit.framework in Frameworks */,
			);
			runOnlyForDeploymentPostprocessing = 0;
		};
		208FB95127BBE18400A2571A /* Frameworks */ = {
			isa = PBXFrameworksBuildPhase;
			buildActionMask = 2147483647;
			files = (
			);
			runOnlyForDeploymentPostprocessing = 0;
		};
		208FB95B27BBE18400A2571A /* Frameworks */ = {
			isa = PBXFrameworksBuildPhase;
			buildActionMask = 2147483647;
			files = (
			);
			runOnlyForDeploymentPostprocessing = 0;
		};
/* End PBXFrameworksBuildPhase section */

/* Begin PBXGroup section */
		2055CA6827BD40D300F15362 /* Views */ = {
			isa = PBXGroup;
			children = (
				2055CA6927BD40DB00F15362 /* Screen */,
			);
			path = Views;
			sourceTree = "<group>";
		};
		2055CA6927BD40DB00F15362 /* Screen */ = {
			isa = PBXGroup;
			children = (
				208FB97827BBE2CD00A2571A /* AppTabView.swift */,
				208FB97A27BBE40900A2571A /* LocationMapView.swift */,
				208FB97C27BBE42B00A2571A /* LocationListView.swift */,
				208FB97E27BBE44A00A2571A /* ProfileView.swift */,
				2055CA6A27BD410300F15362 /* LocationDetailView.swift */,
			);
			path = Screen;
			sourceTree = "<group>";
		};
		2055CA6C27BD4E6000F15362 /* Utility */ = {
			isa = PBXGroup;
			children = (
				2055CA6D27BD4E6F00F15362 /* Utility.swift */,
			);
			path = Utility;
			sourceTree = "<group>";
		};
		208FB93B27BBE18300A2571A = {
			isa = PBXGroup;
			children = (
				208FB94627BBE18300A2571A /* DubDubGrub */,
				208FB95727BBE18400A2571A /* DubDubGrubTests */,
				208FB96127BBE18400A2571A /* DubDubGrubUITests */,
				208FB94527BBE18300A2571A /* Products */,
				208FB97227BBE1A400A2571A /* Frameworks */,
			);
			sourceTree = "<group>";
		};
		208FB94527BBE18300A2571A /* Products */ = {
			isa = PBXGroup;
			children = (
				208FB94427BBE18300A2571A /* DubDubGrub.app */,
				208FB95427BBE18400A2571A /* DubDubGrubTests.xctest */,
				208FB95E27BBE18400A2571A /* DubDubGrubUITests.xctest */,
			);
			name = Products;
			sourceTree = "<group>";
		};
		208FB94627BBE18300A2571A /* DubDubGrub */ = {
			isa = PBXGroup;
			children = (
				2055CA6C27BD4E6000F15362 /* Utility */,
				2055CA6827BD40D300F15362 /* Views */,
				208FB97527BBE27500A2571A /* Extension */,
				208FB97127BBE19F00A2571A /* DubDubGrub.entitlements */,
				208FB94727BBE18300A2571A /* DubDubGrubApp.swift */,
				208FB94B27BBE18400A2571A /* Assets.xcassets */,
				208FB94D27BBE18400A2571A /* Preview Content */,
			);
			path = DubDubGrub;
			sourceTree = "<group>";
		};
		208FB94D27BBE18400A2571A /* Preview Content */ = {
			isa = PBXGroup;
			children = (
				208FB94E27BBE18400A2571A /* Preview Assets.xcassets */,
			);
			path = "Preview Content";
			sourceTree = "<group>";
		};
		208FB95727BBE18400A2571A /* DubDubGrubTests */ = {
			isa = PBXGroup;
			children = (
				208FB95827BBE18400A2571A /* DubDubGrubTests.swift */,
			);
			path = DubDubGrubTests;
			sourceTree = "<group>";
		};
		208FB96127BBE18400A2571A /* DubDubGrubUITests */ = {
			isa = PBXGroup;
			children = (
				208FB96227BBE18400A2571A /* DubDubGrubUITests.swift */,
				208FB96427BBE18400A2571A /* DubDubGrubUITestsLaunchTests.swift */,
			);
			path = DubDubGrubUITests;
			sourceTree = "<group>";
		};
		208FB97227BBE1A400A2571A /* Frameworks */ = {
			isa = PBXGroup;
			children = (
				208FB97327BBE1A400A2571A /* CloudKit.framework */,
			);
			name = Frameworks;
			sourceTree = "<group>";
		};
		208FB97527BBE27500A2571A /* Extension */ = {
			isa = PBXGroup;
			children = (
				208FB97627BBE29000A2571A /* Color+Ext.swift */,
			);
			path = Extension;
			sourceTree = "<group>";
		};
/* End PBXGroup section */

/* Begin PBXNativeTarget section */
		208FB94327BBE18300A2571A /* DubDubGrub */ = {
			isa = PBXNativeTarget;
			buildConfigurationList = 208FB96827BBE18400A2571A /* Build configuration list for PBXNativeTarget "DubDubGrub" */;
			buildPhases = (
				208FB94027BBE18300A2571A /* Sources */,
				208FB94127BBE18300A2571A /* Frameworks */,
				208FB94227BBE18300A2571A /* Resources */,
			);
			buildRules = (
			);
			dependencies = (
			);
			name = DubDubGrub;
			productName = DubDubGrub;
			productReference = 208FB94427BBE18300A2571A /* DubDubGrub.app */;
			productType = "com.apple.product-type.application";
		};
		208FB95327BBE18400A2571A /* DubDubGrubTests */ = {
			isa = PBXNativeTarget;
			buildConfigurationList = 208FB96B27BBE18400A2571A /* Build configuration list for PBXNativeTarget "DubDubGrubTests" */;
			buildPhases = (
				208FB95027BBE18400A2571A /* Sources */,
				208FB95127BBE18400A2571A /* Frameworks */,
				208FB95227BBE18400A2571A /* Resources */,
			);
			buildRules = (
			);
			dependencies = (
				208FB95627BBE18400A2571A /* PBXTargetDependency */,
			);
			name = DubDubGrubTests;
			productName = DubDubGrubTests;
			productReference = 208FB95427BBE18400A2571A /* DubDubGrubTests.xctest */;
			productType = "com.apple.product-type.bundle.unit-test";
		};
		208FB95D27BBE18400A2571A /* DubDubGrubUITests */ = {
			isa = PBXNativeTarget;
			buildConfigurationList = 208FB96E27BBE18400A2571A /* Build configuration list for PBXNativeTarget "DubDubGrubUITests" */;
			buildPhases = (
				208FB95A27BBE18400A2571A /* Sources */,
				208FB95B27BBE18400A2571A /* Frameworks */,
				208FB95C27BBE18400A2571A /* Resources */,
			);
			buildRules = (
			);
			dependencies = (
				208FB96027BBE18400A2571A /* PBXTargetDependency */,
			);
			name = DubDubGrubUITests;
			productName = DubDubGrubUITests;
			productReference = 208FB95E27BBE18400A2571A /* DubDubGrubUITests.xctest */;
			productType = "com.apple.product-type.bundle.ui-testing";
		};
/* End PBXNativeTarget section */

/* Begin PBXProject section */
		208FB93C27BBE18300A2571A /* Project object */ = {
			isa = PBXProject;
			attributes = {
				BuildIndependentTargetsInParallel = 1;
				LastSwiftUpdateCheck = 1320;
				LastUpgradeCheck = 1320;
				TargetAttributes = {
					208FB94327BBE18300A2571A = {
						CreatedOnToolsVersion = 13.2.1;
					};
					208FB95327BBE18400A2571A = {
						CreatedOnToolsVersion = 13.2.1;
						TestTargetID = 208FB94327BBE18300A2571A;
					};
					208FB95D27BBE18400A2571A = {
						CreatedOnToolsVersion = 13.2.1;
						TestTargetID = 208FB94327BBE18300A2571A;
					};
				};
			};
			buildConfigurationList = 208FB93F27BBE18300A2571A /* Build configuration list for PBXProject "DubDubGrub" */;
			compatibilityVersion = "Xcode 13.0";
			developmentRegion = en;
			hasScannedForEncodings = 0;
			knownRegions = (
				en,
				Base,
			);
			mainGroup = 208FB93B27BBE18300A2571A;
			productRefGroup = 208FB94527BBE18300A2571A /* Products */;
			projectDirPath = "";
			projectRoot = "";
			targets = (
				208FB94327BBE18300A2571A /* DubDubGrub */,
				208FB95327BBE18400A2571A /* DubDubGrubTests */,
				208FB95D27BBE18400A2571A /* DubDubGrubUITests */,
			);
		};
/* End PBXProject section */

/* Begin PBXResourcesBuildPhase section */
		208FB94227BBE18300A2571A /* Resources */ = {
			isa = PBXResourcesBuildPhase;
			buildActionMask = 2147483647;
			files = (
				208FB94F27BBE18400A2571A /* Preview Assets.xcassets in Resources */,
				208FB94C27BBE18400A2571A /* Assets.xcassets in Resources */,
			);
			runOnlyForDeploymentPostprocessing = 0;
		};
		208FB95227BBE18400A2571A /* Resources */ = {
			isa = PBXResourcesBuildPhase;
			buildActionMask = 2147483647;
			files = (
			);
			runOnlyForDeploymentPostprocessing = 0;
		};
		208FB95C27BBE18400A2571A /* Resources */ = {
			isa = PBXResourcesBuildPhase;
			buildActionMask = 2147483647;
			files = (
			);
			runOnlyForDeploymentPostprocessing = 0;
		};
/* End PBXResourcesBuildPhase section */

/* Begin PBXSourcesBuildPhase section */
		208FB94027BBE18300A2571A /* Sources */ = {
			isa = PBXSourcesBuildPhase;
			buildActionMask = 2147483647;
			files = (
				208FB94827BBE18300A2571A /* DubDubGrubApp.swift in Sources */,
				208FB97B27BBE40900A2571A /* LocationMapView.swift in Sources */,
				208FB97D27BBE42B00A2571A /* LocationListView.swift in Sources */,
				2055CA6B27BD410300F15362 /* LocationDetailView.swift in Sources */,
				2055CA6E27BD4E6F00F15362 /* Utility.swift in Sources */,
				208FB97927BBE2CD00A2571A /* AppTabView.swift in Sources */,
				208FB97F27BBE44A00A2571A /* ProfileView.swift in Sources */,
				208FB97727BBE29000A2571A /* Color+Ext.swift in Sources */,
			);
			runOnlyForDeploymentPostprocessing = 0;
		};
		208FB95027BBE18400A2571A /* Sources */ = {
			isa = PBXSourcesBuildPhase;
			buildActionMask = 2147483647;
			files = (
				208FB95927BBE18400A2571A /* DubDubGrubTests.swift in Sources */,
			);
			runOnlyForDeploymentPostprocessing = 0;
		};
		208FB95A27BBE18400A2571A /* Sources */ = {
			isa = PBXSourcesBuildPhase;
			buildActionMask = 2147483647;
			files = (
				208FB96527BBE18400A2571A /* DubDubGrubUITestsLaunchTests.swift in Sources */,
				208FB96327BBE18400A2571A /* DubDubGrubUITests.swift in Sources */,
			);
			runOnlyForDeploymentPostprocessing = 0;
		};
/* End PBXSourcesBuildPhase section */

/* Begin PBXTargetDependency section */
		208FB95627BBE18400A2571A /* PBXTargetDependency */ = {
			isa = PBXTargetDependency;
			target = 208FB94327BBE18300A2571A /* DubDubGrub */;
			targetProxy = 208FB95527BBE18400A2571A /* PBXContainerItemProxy */;
		};
		208FB96027BBE18400A2571A /* PBXTargetDependency */ = {
			isa = PBXTargetDependency;
			target = 208FB94327BBE18300A2571A /* DubDubGrub */;
			targetProxy = 208FB95F27BBE18400A2571A /* PBXContainerItemProxy */;
		};
/* End PBXTargetDependency section */

/* Begin XCBuildConfiguration section */
		208FB96627BBE18400A2571A /* Debug */ = {
			isa = XCBuildConfiguration;
			buildSettings = {
				ALWAYS_SEARCH_USER_PATHS = NO;
				CLANG_ANALYZER_NONNULL = YES;
				CLANG_ANALYZER_NUMBER_OBJECT_CONVERSION = YES_AGGRESSIVE;
				CLANG_CXX_LANGUAGE_STANDARD = "gnu++17";
				CLANG_CXX_LIBRARY = "libc++";
				CLANG_ENABLE_MODULES = YES;
				CLANG_ENABLE_OBJC_ARC = YES;
				CLANG_ENABLE_OBJC_WEAK = YES;
				CLANG_WARN_BLOCK_CAPTURE_AUTORELEASING = YES;
				CLANG_WARN_BOOL_CONVERSION = YES;
				CLANG_WARN_COMMA = YES;
				CLANG_WARN_CONSTANT_CONVERSION = YES;
				CLANG_WARN_DEPRECATED_OBJC_IMPLEMENTATIONS = YES;
				CLANG_WARN_DIRECT_OBJC_ISA_USAGE = YES_ERROR;
				CLANG_WARN_DOCUMENTATION_COMMENTS = YES;
				CLANG_WARN_EMPTY_BODY = YES;
				CLANG_WARN_ENUM_CONVERSION = YES;
				CLANG_WARN_INFINITE_RECURSION = YES;
				CLANG_WARN_INT_CONVERSION = YES;
				CLANG_WARN_NON_LITERAL_NULL_CONVERSION = YES;
				CLANG_WARN_OBJC_IMPLICIT_RETAIN_SELF = YES;
				CLANG_WARN_OBJC_LITERAL_CONVERSION = YES;
				CLANG_WARN_OBJC_ROOT_CLASS = YES_ERROR;
				CLANG_WARN_QUOTED_INCLUDE_IN_FRAMEWORK_HEADER = YES;
				CLANG_WARN_RANGE_LOOP_ANALYSIS = YES;
				CLANG_WARN_STRICT_PROTOTYPES = YES;
				CLANG_WARN_SUSPICIOUS_MOVE = YES;
				CLANG_WARN_UNGUARDED_AVAILABILITY = YES_AGGRESSIVE;
				CLANG_WARN_UNREACHABLE_CODE = YES;
				CLANG_WARN__DUPLICATE_METHOD_MATCH = YES;
				COPY_PHASE_STRIP = NO;
				DEBUG_INFORMATION_FORMAT = dwarf;
				ENABLE_STRICT_OBJC_MSGSEND = YES;
				ENABLE_TESTABILITY = YES;
				GCC_C_LANGUAGE_STANDARD = gnu11;
				GCC_DYNAMIC_NO_PIC = NO;
				GCC_NO_COMMON_BLOCKS = YES;
				GCC_OPTIMIZATION_LEVEL = 0;
				GCC_PREPROCESSOR_DEFINITIONS = (
					"DEBUG=1",
					"$(inherited)",
				);
				GCC_WARN_64_TO_32_BIT_CONVERSION = YES;
				GCC_WARN_ABOUT_RETURN_TYPE = YES_ERROR;
				GCC_WARN_UNDECLARED_SELECTOR = YES;
				GCC_WARN_UNINITIALIZED_AUTOS = YES_AGGRESSIVE;
				GCC_WARN_UNUSED_FUNCTION = YES;
				GCC_WARN_UNUSED_VARIABLE = YES;
				IPHONEOS_DEPLOYMENT_TARGET = 15.2;
				MTL_ENABLE_DEBUG_INFO = INCLUDE_SOURCE;
				MTL_FAST_MATH = YES;
				ONLY_ACTIVE_ARCH = YES;
				SDKROOT = iphoneos;
				SWIFT_ACTIVE_COMPILATION_CONDITIONS = DEBUG;
				SWIFT_OPTIMIZATION_LEVEL = "-Onone";
			};
			name = Debug;
		};
		208FB96727BBE18400A2571A /* Release */ = {
			isa = XCBuildConfiguration;
			buildSettings = {
				ALWAYS_SEARCH_USER_PATHS = NO;
				CLANG_ANALYZER_NONNULL = YES;
				CLANG_ANALYZER_NUMBER_OBJECT_CONVERSION = YES_AGGRESSIVE;
				CLANG_CXX_LANGUAGE_STANDARD = "gnu++17";
				CLANG_CXX_LIBRARY = "libc++";
				CLANG_ENABLE_MODULES = YES;
				CLANG_ENABLE_OBJC_ARC = YES;
				CLANG_ENABLE_OBJC_WEAK = YES;
				CLANG_WARN_BLOCK_CAPTURE_AUTORELEASING = YES;
				CLANG_WARN_BOOL_CONVERSION = YES;
				CLANG_WARN_COMMA = YES;
				CLANG_WARN_CONSTANT_CONVERSION = YES;
				CLANG_WARN_DEPRECATED_OBJC_IMPLEMENTATIONS = YES;
				CLANG_WARN_DIRECT_OBJC_ISA_USAGE = YES_ERROR;
				CLANG_WARN_DOCUMENTATION_COMMENTS = YES;
				CLANG_WARN_EMPTY_BODY = YES;
				CLANG_WARN_ENUM_CONVERSION = YES;
				CLANG_WARN_INFINITE_RECURSION = YES;
				CLANG_WARN_INT_CONVERSION = YES;
				CLANG_WARN_NON_LITERAL_NULL_CONVERSION = YES;
				CLANG_WARN_OBJC_IMPLICIT_RETAIN_SELF = YES;
				CLANG_WARN_OBJC_LITERAL_CONVERSION = YES;
				CLANG_WARN_OBJC_ROOT_CLASS = YES_ERROR;
				CLANG_WARN_QUOTED_INCLUDE_IN_FRAMEWORK_HEADER = YES;
				CLANG_WARN_RANGE_LOOP_ANALYSIS = YES;
				CLANG_WARN_STRICT_PROTOTYPES = YES;
				CLANG_WARN_SUSPICIOUS_MOVE = YES;
				CLANG_WARN_UNGUARDED_AVAILABILITY = YES_AGGRESSIVE;
				CLANG_WARN_UNREACHABLE_CODE = YES;
				CLANG_WARN__DUPLICATE_METHOD_MATCH = YES;
				COPY_PHASE_STRIP = NO;
				DEBUG_INFORMATION_FORMAT = "dwarf-with-dsym";
				ENABLE_NS_ASSERTIONS = NO;
				ENABLE_STRICT_OBJC_MSGSEND = YES;
				GCC_C_LANGUAGE_STANDARD = gnu11;
				GCC_NO_COMMON_BLOCKS = YES;
				GCC_WARN_64_TO_32_BIT_CONVERSION = YES;
				GCC_WARN_ABOUT_RETURN_TYPE = YES_ERROR;
				GCC_WARN_UNDECLARED_SELECTOR = YES;
				GCC_WARN_UNINITIALIZED_AUTOS = YES_AGGRESSIVE;
				GCC_WARN_UNUSED_FUNCTION = YES;
				GCC_WARN_UNUSED_VARIABLE = YES;
				IPHONEOS_DEPLOYMENT_TARGET = 15.2;
				MTL_ENABLE_DEBUG_INFO = NO;
				MTL_FAST_MATH = YES;
				SDKROOT = iphoneos;
				SWIFT_COMPILATION_MODE = wholemodule;
				SWIFT_OPTIMIZATION_LEVEL = "-O";
				VALIDATE_PRODUCT = YES;
			};
			name = Release;
		};
		208FB96927BBE18400A2571A /* Debug */ = {
			isa = XCBuildConfiguration;
			buildSettings = {
				ASSETCATALOG_COMPILER_APPICON_NAME = AppIcon;
				ASSETCATALOG_COMPILER_GLOBAL_ACCENT_COLOR_NAME = AccentColor;
				CODE_SIGN_ENTITLEMENTS = DubDubGrub/DubDubGrub.entitlements;
				CODE_SIGN_STYLE = Automatic;
				CURRENT_PROJECT_VERSION = 1;
				DEVELOPMENT_ASSET_PATHS = "\"DubDubGrub/Preview Content\"";
				DEVELOPMENT_TEAM = 3TC8M379VG;
				ENABLE_PREVIEWS = YES;
				GENERATE_INFOPLIST_FILE = YES;
				INFOPLIST_KEY_UIApplicationSceneManifest_Generation = YES;
				INFOPLIST_KEY_UIApplicationSupportsIndirectInputEvents = YES;
				INFOPLIST_KEY_UILaunchScreen_Generation = YES;
				INFOPLIST_KEY_UISupportedInterfaceOrientations_iPad = "UIInterfaceOrientationPortrait UIInterfaceOrientationPortraitUpsideDown UIInterfaceOrientationLandscapeLeft UIInterfaceOrientationLandscapeRight";
				INFOPLIST_KEY_UISupportedInterfaceOrientations_iPhone = "UIInterfaceOrientationPortrait UIInterfaceOrientationLandscapeLeft UIInterfaceOrientationLandscapeRight";
				LD_RUNPATH_SEARCH_PATHS = (
					"$(inherited)",
					"@executable_path/Frameworks",
				);
				MARKETING_VERSION = 1.0;
				PRODUCT_BUNDLE_IDENTIFIER = com.exampleapp.DubDubGrub;
				PRODUCT_NAME = "$(TARGET_NAME)";
				SWIFT_EMIT_LOC_STRINGS = YES;
				SWIFT_VERSION = 5.0;
				TARGETED_DEVICE_FAMILY = "1,2";
			};
			name = Debug;
		};
		208FB96A27BBE18400A2571A /* Release */ = {
			isa = XCBuildConfiguration;
			buildSettings = {
				ASSETCATALOG_COMPILER_APPICON_NAME = AppIcon;
				ASSETCATALOG_COMPILER_GLOBAL_ACCENT_COLOR_NAME = AccentColor;
				CODE_SIGN_ENTITLEMENTS = DubDubGrub/DubDubGrub.entitlements;
				CODE_SIGN_STYLE = Automatic;
				CURRENT_PROJECT_VERSION = 1;
				DEVELOPMENT_ASSET_PATHS = "\"DubDubGrub/Preview Content\"";
				DEVELOPMENT_TEAM = 3TC8M379VG;
				ENABLE_PREVIEWS = YES;
				GENERATE_INFOPLIST_FILE = YES;
				INFOPLIST_KEY_UIApplicationSceneManifest_Generation = YES;
				INFOPLIST_KEY_UIApplicationSupportsIndirectInputEvents = YES;
				INFOPLIST_KEY_UILaunchScreen_Generation = YES;
				INFOPLIST_KEY_UISupportedInterfaceOrientations_iPad = "UIInterfaceOrientationPortrait UIInterfaceOrientationPortraitUpsideDown UIInterfaceOrientationLandscapeLeft UIInterfaceOrientationLandscapeRight";
				INFOPLIST_KEY_UISupportedInterfaceOrientations_iPhone = "UIInterfaceOrientationPortrait UIInterfaceOrientationLandscapeLeft UIInterfaceOrientationLandscapeRight";
				LD_RUNPATH_SEARCH_PATHS = (
					"$(inherited)",
					"@executable_path/Frameworks",
				);
				MARKETING_VERSION = 1.0;
				PRODUCT_BUNDLE_IDENTIFIER = com.exampleapp.DubDubGrub;
				PRODUCT_NAME = "$(TARGET_NAME)";
				SWIFT_EMIT_LOC_STRINGS = YES;
				SWIFT_VERSION = 5.0;
				TARGETED_DEVICE_FAMILY = "1,2";
			};
			name = Release;
		};
		208FB96C27BBE18400A2571A /* Debug */ = {
			isa = XCBuildConfiguration;
			buildSettings = {
				ALWAYS_EMBED_SWIFT_STANDARD_LIBRARIES = YES;
				BUNDLE_LOADER = "$(TEST_HOST)";
				CODE_SIGN_STYLE = Automatic;
				CURRENT_PROJECT_VERSION = 1;
				DEVELOPMENT_TEAM = 3TC8M379VG;
				GENERATE_INFOPLIST_FILE = YES;
				IPHONEOS_DEPLOYMENT_TARGET = 15.2;
				MARKETING_VERSION = 1.0;
				PRODUCT_BUNDLE_IDENTIFIER = com.exampleapp.DubDubGrubTests;
				PRODUCT_NAME = "$(TARGET_NAME)";
				SWIFT_EMIT_LOC_STRINGS = NO;
				SWIFT_VERSION = 5.0;
				TARGETED_DEVICE_FAMILY = "1,2";
				TEST_HOST = "$(BUILT_PRODUCTS_DIR)/DubDubGrub.app/DubDubGrub";
			};
			name = Debug;
		};
		208FB96D27BBE18400A2571A /* Release */ = {
			isa = XCBuildConfiguration;
			buildSettings = {
				ALWAYS_EMBED_SWIFT_STANDARD_LIBRARIES = YES;
				BUNDLE_LOADER = "$(TEST_HOST)";
				CODE_SIGN_STYLE = Automatic;
				CURRENT_PROJECT_VERSION = 1;
				DEVELOPMENT_TEAM = 3TC8M379VG;
				GENERATE_INFOPLIST_FILE = YES;
				IPHONEOS_DEPLOYMENT_TARGET = 15.2;
				MARKETING_VERSION = 1.0;
				PRODUCT_BUNDLE_IDENTIFIER = com.exampleapp.DubDubGrubTests;
				PRODUCT_NAME = "$(TARGET_NAME)";
				SWIFT_EMIT_LOC_STRINGS = NO;
				SWIFT_VERSION = 5.0;
				TARGETED_DEVICE_FAMILY = "1,2";
				TEST_HOST = "$(BUILT_PRODUCTS_DIR)/DubDubGrub.app/DubDubGrub";
			};
			name = Release;
		};
		208FB96F27BBE18400A2571A /* Debug */ = {
			isa = XCBuildConfiguration;
			buildSettings = {
				ALWAYS_EMBED_SWIFT_STANDARD_LIBRARIES = YES;
				CODE_SIGN_STYLE = Automatic;
				CURRENT_PROJECT_VERSION = 1;
				DEVELOPMENT_TEAM = 3TC8M379VG;
				GENERATE_INFOPLIST_FILE = YES;
				MARKETING_VERSION = 1.0;
				PRODUCT_BUNDLE_IDENTIFIER = com.exampleapp.DubDubGrubUITests;
				PRODUCT_NAME = "$(TARGET_NAME)";
				SWIFT_EMIT_LOC_STRINGS = NO;
				SWIFT_VERSION = 5.0;
				TARGETED_DEVICE_FAMILY = "1,2";
				TEST_TARGET_NAME = DubDubGrub;
			};
			name = Debug;
		};
		208FB97027BBE18400A2571A /* Release */ = {
			isa = XCBuildConfiguration;
			buildSettings = {
				ALWAYS_EMBED_SWIFT_STANDARD_LIBRARIES = YES;
				CODE_SIGN_STYLE = Automatic;
				CURRENT_PROJECT_VERSION = 1;
				DEVELOPMENT_TEAM = 3TC8M379VG;
				GENERATE_INFOPLIST_FILE = YES;
				MARKETING_VERSION = 1.0;
				PRODUCT_BUNDLE_IDENTIFIER = com.exampleapp.DubDubGrubUITests;
				PRODUCT_NAME = "$(TARGET_NAME)";
				SWIFT_EMIT_LOC_STRINGS = NO;
				SWIFT_VERSION = 5.0;
				TARGETED_DEVICE_FAMILY = "1,2";
				TEST_TARGET_NAME = DubDubGrub;
			};
			name = Release;
		};
/* End XCBuildConfiguration section */

/* Begin XCConfigurationList section */
		208FB93F27BBE18300A2571A /* Build configuration list for PBXProject "DubDubGrub" */ = {
			isa = XCConfigurationList;
			buildConfigurations = (
				208FB96627BBE18400A2571A /* Debug */,
				208FB96727BBE18400A2571A /* Release */,
			);
			defaultConfigurationIsVisible = 0;
			defaultConfigurationName = Release;
		};
		208FB96827BBE18400A2571A /* Build configuration list for PBXNativeTarget "DubDubGrub" */ = {
			isa = XCConfigurationList;
			buildConfigurations = (
				208FB96927BBE18400A2571A /* Debug */,
				208FB96A27BBE18400A2571A /* Release */,
			);
			defaultConfigurationIsVisible = 0;
			defaultConfigurationName = Release;
		};
		208FB96B27BBE18400A2571A /* Build configuration list for PBXNativeTarget "DubDubGrubTests" */ = {
			isa = XCConfigurationList;
			buildConfigurations = (
				208FB96C27BBE18400A2571A /* Debug */,
				208FB96D27BBE18400A2571A /* Release */,
			);
			defaultConfigurationIsVisible = 0;
			defaultConfigurationName = Release;
		};
		208FB96E27BBE18400A2571A /* Build configuration list for PBXNativeTarget "DubDubGrubUITests" */ = {
			isa = XCConfigurationList;
			buildConfigurations = (
				208FB96F27BBE18400A2571A /* Debug */,
				208FB97027BBE18400A2571A /* Release */,
			);
			defaultConfigurationIsVisible = 0;
			defaultConfigurationName = Release;
		};
/* End XCConfigurationList section */
	};
	rootObject = 208FB93C27BBE18300A2571A /* Project object */;
}
